
Microsoft Visual Studio Solution File, Format Version 12.00
# Visual Studio 15
Project("{FAE04EC0-301F-11D3-BF4B-00C04F79EFBC}") = "Assembly-CSharp", "Assembly-CSharp.csproj", "{E02FBBCE-095F-B22C-2DA3-965572FC3035}"
EndProject
Project("{FAE04EC0-301F-11D3-BF4B-00C04F79EFBC}") = "Assembly-CSharp-firstpass", "Assembly-CSharp-firstpass.csproj", "{4EA047DF-B9DC-1D24-8388-58509781F384}"
EndProject
Project("{FAE04EC0-301F-11D3-BF4B-00C04F79EFBC}") = "Assembly-CSharp-Editor", "Assembly-CSharp-Editor.csproj", "{48EA6552-C589-9DA9-7425-3781FBAE4205}"
EndProject
Global
	GlobalSection(SolutionConfigurationPlatforms) = preSolution
		Debug|Any CPU = Debug|Any CPU
		Release|Any CPU = Release|Any CPU
	EndGlobalSection
	GlobalSection(ProjectConfigurationPlatforms) = postSolution
		{E02FBBCE-095F-B22C-2DA3-965572FC3035}.Debug|Any CPU.ActiveCfg = Debug|Any CPU
		{E02FBBCE-095F-B22C-2DA3-965572FC3035}.Debug|Any CPU.Build.0 = Debug|Any CPU
		{E02FBBCE-095F-B22C-2DA3-965572FC3035}.Release|Any CPU.ActiveCfg = Release|Any CPU
		{E02FBBCE-095F-B22C-2DA3-965572FC3035}.Release|Any CPU.Build.0 = Release|Any CPU
		{4EA047DF-B9DC-1D24-8388-58509781F384}.Debug|Any CPU.ActiveCfg = Debug|Any CPU
		{4EA047DF-B9DC-1D24-8388-58509781F384}.Debug|Any CPU.Build.0 = Debug|Any CPU
		{4EA047DF-B9DC-1D24-8388-58509781F384}.Release|Any CPU.ActiveCfg = Release|Any CPU
		{4EA047DF-B9DC-1D24-8388-58509781F384}.Release|Any CPU.Build.0 = Release|Any CPU
		{48EA6552-C589-9DA9-7425-3781FBAE4205}.Debug|Any CPU.ActiveCfg = Debug|Any CPU
		{48EA6552-C589-9DA9-7425-3781FBAE4205}.Debug|Any CPU.Build.0 = Debug|Any CPU
		{48EA6552-C589-9DA9-7425-3781FBAE4205}.Release|Any CPU.ActiveCfg = Release|Any CPU
		{48EA6552-C589-9DA9-7425-3781FBAE4205}.Release|Any CPU.Build.0 = Release|Any CPU
	EndGlobalSection
	GlobalSection(SolutionProperties) = preSolution
		HideSolutionNode = FALSE
	EndGlobalSection
EndGlobal
