
Microsoft Visual Studio Solution File, Format Version 12.00
# Visual Studio 15
Project("{FAE04EC0-301F-11D3-BF4B-00C04F79EFBC}") = "Assembly-CSharp", "Assembly-CSharp.csproj", "{0A596C8D-9F64-0899-397E-24279DF38FFD}"
EndProject
Project("{FAE04EC0-301F-11D3-BF4B-00C04F79EFBC}") = "Assembly-CSharp-firstpass", "Assembly-CSharp-firstpass.csproj", "{9712581A-90E2-E8F7-587B-A527DB468694}"
EndProject
Project("{FAE04EC0-301F-11D3-BF4B-00C04F79EFBC}") = "Assembly-CSharp-Editor", "Assembly-CSharp-Editor.csproj", "{68811006-2433-6E27-F988-9F24FC54B107}"
EndProject
Project("{FAE04EC0-301F-11D3-BF4B-00C04F79EFBC}") = "Assembly-CSharp-Editor-firstpass", "Assembly-CSharp-Editor-firstpass.csproj", "{07BF6BF4-4441-FE4F-A0E1-230C86F992B7}"
EndProject
Global
	GlobalSection(SolutionConfigurationPlatforms) = preSolution
		Debug|Any CPU = Debug|Any CPU
		Release|Any CPU = Release|Any CPU
	EndGlobalSection
	GlobalSection(ProjectConfigurationPlatforms) = postSolution
		{0A596C8D-9F64-0899-397E-24279DF38FFD}.Debug|Any CPU.ActiveCfg = Debug|Any CPU
		{0A596C8D-9F64-0899-397E-24279DF38FFD}.Debug|Any CPU.Build.0 = Debug|Any CPU
		{0A596C8D-9F64-0899-397E-24279DF38FFD}.Release|Any CPU.ActiveCfg = Release|Any CPU
		{0A596C8D-9F64-0899-397E-24279DF38FFD}.Release|Any CPU.Build.0 = Release|Any CPU
		{9712581A-90E2-E8F7-587B-A527DB468694}.Debug|Any CPU.ActiveCfg = Debug|Any CPU
		{9712581A-90E2-E8F7-587B-A527DB468694}.Debug|Any CPU.Build.0 = Debug|Any CPU
		{9712581A-90E2-E8F7-587B-A527DB468694}.Release|Any CPU.ActiveCfg = Release|Any CPU
		{9712581A-90E2-E8F7-587B-A527DB468694}.Release|Any CPU.Build.0 = Release|Any CPU
		{68811006-2433-6E27-F988-9F24FC54B107}.Debug|Any CPU.ActiveCfg = Debug|Any CPU
		{68811006-2433-6E27-F988-9F24FC54B107}.Debug|Any CPU.Build.0 = Debug|Any CPU
		{68811006-2433-6E27-F988-9F24FC54B107}.Release|Any CPU.ActiveCfg = Release|Any CPU
		{68811006-2433-6E27-F988-9F24FC54B107}.Release|Any CPU.Build.0 = Release|Any CPU
		{07BF6BF4-4441-FE4F-A0E1-230C86F992B7}.Debug|Any CPU.ActiveCfg = Debug|Any CPU
		{07BF6BF4-4441-FE4F-A0E1-230C86F992B7}.Debug|Any CPU.Build.0 = Debug|Any CPU
		{07BF6BF4-4441-FE4F-A0E1-230C86F992B7}.Release|Any CPU.ActiveCfg = Release|Any CPU
		{07BF6BF4-4441-FE4F-A0E1-230C86F992B7}.Release|Any CPU.Build.0 = Release|Any CPU
	EndGlobalSection
	GlobalSection(SolutionProperties) = preSolution
		HideSolutionNode = FALSE
	EndGlobalSection
EndGlobal
